
Microsoft Visual Studio Solution File, Format Version 12.00
# Visual Studio Version 17
VisualStudioVersion = 17.13.35818.85
MinimumVisualStudioVersion = 10.0.40219.1
Project("{FAE04EC0-301F-11D3-BF4B-00C04F79EFBC}") = "MyPortfolio", "MyPortfolio\MyPortfolio.csproj", "{ADA11D32-AF1E-490A-9143-7B42EC8618FF}"
EndProject
Project("{2150E333-8FDC-42A3-9474-1A3956D46DE8}") = "Api", "Api", "{02EA681E-C7D8-13C7-8484-4AC65E1B71E8}"
EndProject
Project("{FAE04EC0-301F-11D3-BF4B-00C04F79EFBC}") = "MyPortfolio.EntityLayer", "Api\Api.Entity\MyPortfolio.EntityLayer.csproj", "{AFD650DE-C3CC-45F3-97D0-E5B6E8A76C67}"
EndProject
Project("{FAE04EC0-301F-11D3-BF4B-00C04F79EFBC}") = "MyPortfolio.DataAccessLayer", "Api\MyPortfolio.DataAccessLayer\MyPortfolio.DataAccessLayer.csproj", "{DAE683BA-E0A7-4855-BCEE-24D91DAEC1D2}"
EndProject
Project("{FAE04EC0-301F-11D3-BF4B-00C04F79EFBC}") = "MyPortfolio.BusinessLayer", "Api\MyPortfolio.BusinessLayer\MyPortfolio.BusinessLayer.csproj", "{8A4B2FEB-3829-43DB-A119-AB01AF29DD61}"
EndProject
Project("{FAE04EC0-301F-11D3-BF4B-00C04F79EFBC}") = "MyPortfolio.DtoLayer", "MyPortfolio.DtoLayer\MyPortfolio.DtoLayer.csproj", "{AB4AA064-8872-4AEB-BEEE-4B0246EBFB4F}"
EndProject
Global
	GlobalSection(SolutionConfigurationPlatforms) = preSolution
		Debug|Any CPU = Debug|Any CPU
		Release|Any CPU = Release|Any CPU
	EndGlobalSection
	GlobalSection(ProjectConfigurationPlatforms) = postSolution
		{ADA11D32-AF1E-490A-9143-7B42EC8618FF}.Debug|Any CPU.ActiveCfg = Debug|Any CPU
		{ADA11D32-AF1E-490A-9143-7B42EC8618FF}.Debug|Any CPU.Build.0 = Debug|Any CPU
		{ADA11D32-AF1E-490A-9143-7B42EC8618FF}.Release|Any CPU.ActiveCfg = Release|Any CPU
		{ADA11D32-AF1E-490A-9143-7B42EC8618FF}.Release|Any CPU.Build.0 = Release|Any CPU
		{AFD650DE-C3CC-45F3-97D0-E5B6E8A76C67}.Debug|Any CPU.ActiveCfg = Debug|Any CPU
		{AFD650DE-C3CC-45F3-97D0-E5B6E8A76C67}.Debug|Any CPU.Build.0 = Debug|Any CPU
		{AFD650DE-C3CC-45F3-97D0-E5B6E8A76C67}.Release|Any CPU.ActiveCfg = Release|Any CPU
		{AFD650DE-C3CC-45F3-97D0-E5B6E8A76C67}.Release|Any CPU.Build.0 = Release|Any CPU
		{DAE683BA-E0A7-4855-BCEE-24D91DAEC1D2}.Debug|Any CPU.ActiveCfg = Debug|Any CPU
		{DAE683BA-E0A7-4855-BCEE-24D91DAEC1D2}.Debug|Any CPU.Build.0 = Debug|Any CPU
		{DAE683BA-E0A7-4855-BCEE-24D91DAEC1D2}.Release|Any CPU.ActiveCfg = Release|Any CPU
		{DAE683BA-E0A7-4855-BCEE-24D91DAEC1D2}.Release|Any CPU.Build.0 = Release|Any CPU
		{8A4B2FEB-3829-43DB-A119-AB01AF29DD61}.Debug|Any CPU.ActiveCfg = Debug|Any CPU
		{8A4B2FEB-3829-43DB-A119-AB01AF29DD61}.Debug|Any CPU.Build.0 = Debug|Any CPU
		{8A4B2FEB-3829-43DB-A119-AB01AF29DD61}.Release|Any CPU.ActiveCfg = Release|Any CPU
		{8A4B2FEB-3829-43DB-A119-AB01AF29DD61}.Release|Any CPU.Build.0 = Release|Any CPU
		{AB4AA064-8872-4AEB-BEEE-4B0246EBFB4F}.Debug|Any CPU.ActiveCfg = Debug|Any CPU
		{AB4AA064-8872-4AEB-BEEE-4B0246EBFB4F}.Debug|Any CPU.Build.0 = Debug|Any CPU
		{AB4AA064-8872-4AEB-BEEE-4B0246EBFB4F}.Release|Any CPU.ActiveCfg = Release|Any CPU
		{AB4AA064-8872-4AEB-BEEE-4B0246EBFB4F}.Release|Any CPU.Build.0 = Release|Any CPU
	EndGlobalSection
	GlobalSection(SolutionProperties) = preSolution
		HideSolutionNode = FALSE
	EndGlobalSection
	GlobalSection(NestedProjects) = preSolution
		{AFD650DE-C3CC-45F3-97D0-E5B6E8A76C67} = {02EA681E-C7D8-13C7-8484-4AC65E1B71E8}
		{DAE683BA-E0A7-4855-BCEE-24D91DAEC1D2} = {02EA681E-C7D8-13C7-8484-4AC65E1B71E8}
		{8A4B2FEB-3829-43DB-A119-AB01AF29DD61} = {02EA681E-C7D8-13C7-8484-4AC65E1B71E8}
		{AB4AA064-8872-4AEB-BEEE-4B0246EBFB4F} = {02EA681E-C7D8-13C7-8484-4AC65E1B71E8}
	EndGlobalSection
	GlobalSection(ExtensibilityGlobals) = postSolution
		SolutionGuid = {7794E326-D9DC-4982-9BB0-88756EF5317E}
	EndGlobalSection
EndGlobal
